// !$*UTF8*$!
{
	archiveVersion = 1;
	classes = {
	};
	objectVersion = 46;
	objects = {

/* Begin PBXBuildFile section */
		AE6034291AB629B90097DA26 /* Plugin.m in Sources */ = {isa = PBXBuildFile; fileRef = AE6034281AB629B90097DA26 /* Plugin.m */; settings = {COMPILER_FLAGS = "-fno-objc-arc"; }; };
		AE60342F1AB62CFC0097DA26 /* libmono.0.dylib in Frameworks */ = {isa = PBXBuildFile; fileRef = AE60342E1AB62CFC0097DA26 /* libmono.0.dylib */; };
		AE6034311AB62FF60097DA26 /* Foundation.framework in Frameworks */ = {isa = PBXBuildFile; fileRef = AE6034301AB62FF60097DA26 /* Foundation.framework */; };
		AE6034331AB635870097DA26 /* 3DconnexionClient.framework in Frameworks */ = {isa = PBXBuildFile; fileRef = AE6034321AB635870097DA26 /* 3DconnexionClient.framework */; };
		AE6034361AB64B4B0097DA26 /* Cocoa.framework in Frameworks */ = {isa = PBXBuildFile; fileRef = AE6034351AB64B4B0097DA26 /* Cocoa.framework */; };
		AEA2D8E01AB79C2F0090A054 /* XCodePlugin.bundle in CopyFiles */ = {isa = PBXBuildFile; fileRef = AE60341C1AB628F90097DA26 /* XCodePlugin.bundle */; };
		AEAB1CD81AB7A368006F9443 /* XCodePlugin.bundle in CopyFiles */ = {isa = PBXBuildFile; fileRef = AE60341C1AB628F90097DA26 /* XCodePlugin.bundle */; };
/* End PBXBuildFile section */

/* Begin PBXCopyFilesBuildPhase section */
		AEA2D8DF1AB79BFE0090A054 /* CopyFiles */ = {
			isa = PBXCopyFilesBuildPhase;
			buildActionMask = 12;
			dstPath = "/Users/ewoudwijma/Developer/Space Navigator driver/Space Navigator driver/Space Navigator Unity project/Assets/SpaceNavigator/Plugins";
			dstSubfolderSpec = 0;
			files = (
				AEA2D8E01AB79C2F0090A054 /* XCodePlugin.bundle in CopyFiles */,
			);
			runOnlyForDeploymentPostprocessing = 0;
		};
		AEAB1CD71AB7A35B006F9443 /* CopyFiles */ = {
			isa = PBXCopyFilesBuildPhase;
			buildActionMask = 2147483647;
			dstPath = "Users/ewoudwijma/Developer/Space Navigator driver/Space Navigator driver/Space Navigator Unity project U5/Assets/Plugins";
			dstSubfolderSpec = 0;
			files = (
				AEAB1CD81AB7A368006F9443 /* XCodePlugin.bundle in CopyFiles */,
			);
			runOnlyForDeploymentPostprocessing = 0;
		};
/* End PBXCopyFilesBuildPhase section */

/* Begin PBXFileReference section */
		AE60341C1AB628F90097DA26 /* XCodePlugin.bundle */ = {isa = PBXFileReference; explicitFileType = wrapper.cfbundle; includeInIndex = 0; path = XCodePlugin.bundle; sourceTree = BUILT_PRODUCTS_DIR; };
		AE6034201AB628F90097DA26 /* Info.plist */ = {isa = PBXFileReference; lastKnownFileType = text.plist.xml; path = Info.plist; sourceTree = "<group>"; };
		AE6034281AB629B90097DA26 /* Plugin.m */ = {isa = PBXFileReference; fileEncoding = 4; lastKnownFileType = sourcecode.c.objc; path = Plugin.m; sourceTree = "<group>"; };
		AE60342B1AB62A0E0097DA26 /* Plugin.h */ = {isa = PBXFileReference; fileEncoding = 4; lastKnownFileType = sourcecode.c.h; path = Plugin.h; sourceTree = "<group>"; };
		AE60342E1AB62CFC0097DA26 /* libmono.0.dylib */ = {isa = PBXFileReference; lastKnownFileType = "compiled.mach-o.dylib"; path = libmono.0.dylib; sourceTree = "<group>"; };
		AE6034301AB62FF60097DA26 /* Foundation.framework */ = {isa = PBXFileReference; lastKnownFileType = wrapper.framework; name = Foundation.framework; path = System/Library/Frameworks/Foundation.framework; sourceTree = SDKROOT; };
		AE6034321AB635870097DA26 /* 3DconnexionClient.framework */ = {isa = PBXFileReference; lastKnownFileType = wrapper.framework; path = 3DconnexionClient.framework; sourceTree = "<group>"; };
		AE6034351AB64B4B0097DA26 /* Cocoa.framework */ = {isa = PBXFileReference; lastKnownFileType = wrapper.framework; name = Cocoa.framework; path = System/Library/Frameworks/Cocoa.framework; sourceTree = SDKROOT; };
/* End PBXFileReference section */

/* Begin PBXFrameworksBuildPhase section */
		AE6034191AB628F80097DA26 /* Frameworks */ = {
			isa = PBXFrameworksBuildPhase;
			buildActionMask = 2147483647;
			files = (
				AE6034361AB64B4B0097DA26 /* Cocoa.framework in Frameworks */,
				AE6034311AB62FF60097DA26 /* Foundation.framework in Frameworks */,
				AE6034331AB635870097DA26 /* 3DconnexionClient.framework in Frameworks */,
				AE60342F1AB62CFC0097DA26 /* libmono.0.dylib in Frameworks */,
			);
			runOnlyForDeploymentPostprocessing = 0;
		};
/* End PBXFrameworksBuildPhase section */

/* Begin PBXGroup section */
		AE6034131AB628F80097DA26 = {
			isa = PBXGroup;
			children = (
				AE60342B1AB62A0E0097DA26 /* Plugin.h */,
				AE6034281AB629B90097DA26 /* Plugin.m */,
				AE60341E1AB628F90097DA26 /* XCodePlugin */,
				AE60341D1AB628F90097DA26 /* Products */,
				AE6034341AB640370097DA26 /* Frameworks */,
			);
			sourceTree = "<group>";
		};
		AE60341D1AB628F90097DA26 /* Products */ = {
			isa = PBXGroup;
			children = (
				AE60341C1AB628F90097DA26 /* XCodePlugin.bundle */,
			);
			name = Products;
			sourceTree = "<group>";
		};
		AE60341E1AB628F90097DA26 /* XCodePlugin */ = {
			isa = PBXGroup;
			children = (
				AE60341F1AB628F90097DA26 /* Supporting Files */,
			);
			path = XCodePlugin;
			sourceTree = "<group>";
		};
		AE60341F1AB628F90097DA26 /* Supporting Files */ = {
			isa = PBXGroup;
			children = (
				AE6034201AB628F90097DA26 /* Info.plist */,
			);
			name = "Supporting Files";
			sourceTree = "<group>";
		};
		AE6034341AB640370097DA26 /* Frameworks */ = {
			isa = PBXGroup;
			children = (
				AE60342E1AB62CFC0097DA26 /* libmono.0.dylib */,
				AE6034351AB64B4B0097DA26 /* Cocoa.framework */,
				AE6034321AB635870097DA26 /* 3DconnexionClient.framework */,
				AE6034301AB62FF60097DA26 /* Foundation.framework */,
			);
			name = Frameworks;
			sourceTree = "<group>";
		};
/* End PBXGroup section */

/* Begin PBXNativeTarget section */
		AE60341B1AB628F80097DA26 /* XCodePlugin */ = {
			isa = PBXNativeTarget;
			buildConfigurationList = AE6034231AB628F90097DA26 /* Build configuration list for PBXNativeTarget "XCodePlugin" */;
			buildPhases = (
				AE6034181AB628F80097DA26 /* Sources */,
				AE6034191AB628F80097DA26 /* Frameworks */,
				AE60341A1AB628F80097DA26 /* Resources */,
				AEA2D8DF1AB79BFE0090A054 /* CopyFiles */,
				AEAB1CD71AB7A35B006F9443 /* CopyFiles */,
			);
			buildRules = (
			);
			dependencies = (
			);
			name = XCodePlugin;
			productName = XCodePlugin;
			productReference = AE60341C1AB628F90097DA26 /* XCodePlugin.bundle */;
			productType = "com.apple.product-type.bundle";
		};
/* End PBXNativeTarget section */

/* Begin PBXProject section */
		AE6034141AB628F80097DA26 /* Project object */ = {
			isa = PBXProject;
			attributes = {
				LastUpgradeCheck = 0610;
				ORGANIZATIONNAME = "Patrick Hogenboom";
				TargetAttributes = {
					AE60341B1AB628F80097DA26 = {
						CreatedOnToolsVersion = 6.1.1;
					};
				};
			};
			buildConfigurationList = AE6034171AB628F80097DA26 /* Build configuration list for PBXProject "XCodePlugin" */;
			compatibilityVersion = "Xcode 3.2";
			developmentRegion = English;
			hasScannedForEncodings = 0;
			knownRegions = (
				en,
			);
			mainGroup = AE6034131AB628F80097DA26;
			productRefGroup = AE60341D1AB628F90097DA26 /* Products */;
			projectDirPath = "";
			projectRoot = "";
			targets = (
				AE60341B1AB628F80097DA26 /* XCodePlugin */,
			);
		};
/* End PBXProject section */

/* Begin PBXResourcesBuildPhase section */
		AE60341A1AB628F80097DA26 /* Resources */ = {
			isa = PBXResourcesBuildPhase;
			buildActionMask = 2147483647;
			files = (
			);
			runOnlyForDeploymentPostprocessing = 0;
		};
/* End PBXResourcesBuildPhase section */

/* Begin PBXSourcesBuildPhase section */
		AE6034181AB628F80097DA26 /* Sources */ = {
			isa = PBXSourcesBuildPhase;
			buildActionMask = 2147483647;
			files = (
				AE6034291AB629B90097DA26 /* Plugin.m in Sources */,
			);
			runOnlyForDeploymentPostprocessing = 0;
		};
/* End PBXSourcesBuildPhase section */

/* Begin XCBuildConfiguration section */
		AE6034211AB628F90097DA26 /* Debug */ = {
			isa = XCBuildConfiguration;
			buildSettings = {
				ALWAYS_SEARCH_USER_PATHS = NO;
				CLANG_CXX_LANGUAGE_STANDARD = "gnu++0x";
				CLANG_CXX_LIBRARY = "libc++";
				CLANG_ENABLE_MODULES = YES;
				CLANG_ENABLE_OBJC_ARC = YES;
				CLANG_WARN_BOOL_CONVERSION = YES;
				CLANG_WARN_CONSTANT_CONVERSION = YES;
				CLANG_WARN_DIRECT_OBJC_ISA_USAGE = YES_ERROR;
				CLANG_WARN_EMPTY_BODY = YES;
				CLANG_WARN_ENUM_CONVERSION = YES;
				CLANG_WARN_INT_CONVERSION = YES;
				CLANG_WARN_OBJC_ROOT_CLASS = YES_ERROR;
				CLANG_WARN_UNREACHABLE_CODE = YES;
				CLANG_WARN__DUPLICATE_METHOD_MATCH = YES;
				COPY_PHASE_STRIP = NO;
				ENABLE_STRICT_OBJC_MSGSEND = YES;
				GCC_C_LANGUAGE_STANDARD = gnu99;
				GCC_DYNAMIC_NO_PIC = NO;
				GCC_OPTIMIZATION_LEVEL = 0;
				GCC_PREPROCESSOR_DEFINITIONS = (
					"DEBUG=1",
					"$(inherited)",
				);
				GCC_SYMBOLS_PRIVATE_EXTERN = NO;
				GCC_WARN_64_TO_32_BIT_CONVERSION = YES;
				GCC_WARN_ABOUT_RETURN_TYPE = YES_ERROR;
				GCC_WARN_UNDECLARED_SELECTOR = YES;
				GCC_WARN_UNINITIALIZED_AUTOS = YES_AGGRESSIVE;
				GCC_WARN_UNUSED_FUNCTION = YES;
				GCC_WARN_UNUSED_VARIABLE = YES;
				MACOSX_DEPLOYMENT_TARGET = 10.10;
				MTL_ENABLE_DEBUG_INFO = YES;
				ONLY_ACTIVE_ARCH = YES;
				SDKROOT = macosx;
			};
			name = Debug;
		};
		AE6034221AB628F90097DA26 /* Release */ = {
			isa = XCBuildConfiguration;
			buildSettings = {
				ALWAYS_SEARCH_USER_PATHS = NO;
				CLANG_CXX_LANGUAGE_STANDARD = "gnu++0x";
				CLANG_CXX_LIBRARY = "libc++";
				CLANG_ENABLE_MODULES = YES;
				CLANG_ENABLE_OBJC_ARC = YES;
				CLANG_WARN_BOOL_CONVERSION = YES;
				CLANG_WARN_CONSTANT_CONVERSION = YES;
				CLANG_WARN_DIRECT_OBJC_ISA_USAGE = YES_ERROR;
				CLANG_WARN_EMPTY_BODY = YES;
				CLANG_WARN_ENUM_CONVERSION = YES;
				CLANG_WARN_INT_CONVERSION = YES;
				CLANG_WARN_OBJC_ROOT_CLASS = YES_ERROR;
				CLANG_WARN_UNREACHABLE_CODE = YES;
				CLANG_WARN__DUPLICATE_METHOD_MATCH = YES;
				COPY_PHASE_STRIP = YES;
				DEBUG_INFORMATION_FORMAT = "dwarf-with-dsym";
				ENABLE_NS_ASSERTIONS = NO;
				ENABLE_STRICT_OBJC_MSGSEND = YES;
				GCC_C_LANGUAGE_STANDARD = gnu99;
				GCC_WARN_64_TO_32_BIT_CONVERSION = YES;
				GCC_WARN_ABOUT_RETURN_TYPE = YES_ERROR;
				GCC_WARN_UNDECLARED_SELECTOR = YES;
				GCC_WARN_UNINITIALIZED_AUTOS = YES_AGGRESSIVE;
				GCC_WARN_UNUSED_FUNCTION = YES;
				GCC_WARN_UNUSED_VARIABLE = YES;
				MACOSX_DEPLOYMENT_TARGET = 10.10;
				MTL_ENABLE_DEBUG_INFO = NO;
				SDKROOT = macosx;
			};
			name = Release;
		};
		AE6034241AB628F90097DA26 /* Debug */ = {
			isa = XCBuildConfiguration;
			buildSettings = {
				COMBINE_HIDPI_IMAGES = YES;
				FRAMEWORK_SEARCH_PATHS = (
					"$(inherited)",
					"$(PROJECT_DIR)",
				);
				HEADER_SEARCH_PATHS = (
					"$(inherited)",
					/Applications/Xcode.app/Contents/Developer/Toolchains/XcodeDefault.xctoolchain/usr/include,
					"\"$(SRCROOT)/\"",
				);
				INFOPLIST_FILE = XCodePlugin/Info.plist;
				INSTALL_PATH = "$(LOCAL_LIBRARY_DIR)/Bundles";
				LIBRARY_SEARCH_PATHS = (
					"$(inherited)",
					"$(SYSTEM_APPS_DIR)/Unity/Unity.app/Contents/Frameworks/MonoEmbedRuntime/osx",
					"$(PROJECT_DIR)",
				);
				PRODUCT_NAME = "$(TARGET_NAME)";
				SKIP_INSTALL = YES;
				WRAPPER_EXTENSION = bundle;
			};
			name = Debug;
		};
		AE6034251AB628F90097DA26 /* Release */ = {
			isa = XCBuildConfiguration;
			buildSettings = {
				COMBINE_HIDPI_IMAGES = YES;
				FRAMEWORK_SEARCH_PATHS = (
					"$(inherited)",
					"$(PROJECT_DIR)",
				);
				HEADER_SEARCH_PATHS = (
					"$(inherited)",
					/Applications/Xcode.app/Contents/Developer/Toolchains/XcodeDefault.xctoolchain/usr/include,
					"\"$(SRCROOT)/\"",
				);
				INFOPLIST_FILE = XCodePlugin/Info.plist;
				INSTALL_PATH = "$(LOCAL_LIBRARY_DIR)/Bundles";
				LIBRARY_SEARCH_PATHS = (
					"$(inherited)",
					"$(SYSTEM_APPS_DIR)/Unity/Unity.app/Contents/Frameworks/MonoEmbedRuntime/osx",
					"$(PROJECT_DIR)",
				);
				PRODUCT_NAME = "$(TARGET_NAME)";
				SKIP_INSTALL = YES;
				WRAPPER_EXTENSION = bundle;
			};
			name = Release;
		};
/* End XCBuildConfiguration section */

/* Begin XCConfigurationList section */
		AE6034171AB628F80097DA26 /* Build configuration list for PBXProject "XCodePlugin" */ = {
			isa = XCConfigurationList;
			buildConfigurations = (
				AE6034211AB628F90097DA26 /* Debug */,
				AE6034221AB628F90097DA26 /* Release */,
			);
			defaultConfigurationIsVisible = 0;
			defaultConfigurationName = Release;
		};
		AE6034231AB628F90097DA26 /* Build configuration list for PBXNativeTarget "XCodePlugin" */ = {
			isa = XCConfigurationList;
			buildConfigurations = (
				AE6034241AB628F90097DA26 /* Debug */,
				AE6034251AB628F90097DA26 /* Release */,
			);
			defaultConfigurationIsVisible = 0;
			defaultConfigurationName = Release;
		};
/* End XCConfigurationList section */
	};
	rootObject = AE6034141AB628F80097DA26 /* Project object */;
}
